
Microsoft Visual Studio Solution File, Format Version 12.00
# Visual Studio Version 17
VisualStudioVersion = 17.14.36121.58
MinimumVisualStudioVersion = 10.0.40219.1
Project("{FAE04EC0-301F-11D3-BF4B-00C04F79EFBC}") = "p5rpc.bustupparam.merging", "p5rpc.bustupparam.merging.csproj", "{BAA819FA-55EC-4F5B-BB2B-615E69D1BCA2}"
EndProject
Global
	GlobalSection(SolutionConfigurationPlatforms) = preSolution
		Debug|Any CPU = Debug|Any CPU
		Release|Any CPU = Release|Any CPU
	EndGlobalSection
	GlobalSection(ProjectConfigurationPlatforms) = postSolution
		{BAA819FA-55EC-4F5B-BB2B-615E69D1BCA2}.Debug|Any CPU.ActiveCfg = Debug|Any CPU
		{BAA819FA-55EC-4F5B-BB2B-615E69D1BCA2}.Debug|Any CPU.Build.0 = Debug|Any CPU
		{BAA819FA-55EC-4F5B-BB2B-615E69D1BCA2}.Release|Any CPU.ActiveCfg = Release|Any CPU
		{BAA819FA-55EC-4F5B-BB2B-615E69D1BCA2}.Release|Any CPU.Build.0 = Release|Any CPU
	EndGlobalSection
	GlobalSection(SolutionProperties) = preSolution
		HideSolutionNode = FALSE
	EndGlobalSection
	GlobalSection(ExtensibilityGlobals) = postSolution
		SolutionGuid = {7B9BF6A4-7583-45D4-A743-FA81AC4E28CB}
	EndGlobalSection
EndGlobal
